
Microsoft Visual Studio Solution File, Format Version 12.00
# Visual Studio Version 17
VisualStudioVersion = 17.6.33815.320
MinimumVisualStudioVersion = 10.0.40219.1
Project("{FAE04EC0-301F-11D3-BF4B-00C04F79EFBC}") = "compositions and inheritans", "compositions and inheritans.csproj", "{6A2DA3E6-EC46-4146-8798-8288FB90587A}"
EndProject
Global
	GlobalSection(SolutionConfigurationPlatforms) = preSolution
		Debug|Any CPU = Debug|Any CPU
		Release|Any CPU = Release|Any CPU
	EndGlobalSection
	GlobalSection(ProjectConfigurationPlatforms) = postSolution
		{6A2DA3E6-EC46-4146-8798-8288FB90587A}.Debug|Any CPU.ActiveCfg = Debug|Any CPU
		{6A2DA3E6-EC46-4146-8798-8288FB90587A}.Debug|Any CPU.Build.0 = Debug|Any CPU
		{6A2DA3E6-EC46-4146-8798-8288FB90587A}.Release|Any CPU.ActiveCfg = Release|Any CPU
		{6A2DA3E6-EC46-4146-8798-8288FB90587A}.Release|Any CPU.Build.0 = Release|Any CPU
	EndGlobalSection
	GlobalSection(SolutionProperties) = preSolution
		HideSolutionNode = FALSE
	EndGlobalSection
	GlobalSection(ExtensibilityGlobals) = postSolution
		SolutionGuid = {E67FFBA6-2B74-4A5F-A875-77E7ECC2E75E}
	EndGlobalSection
EndGlobal
